// !$*UTF8*$!
{
	archiveVersion = 1;
	classes = {
	};
	objectVersion = 46;
	objects = {

/* Begin PBXBuildFile section */
		D8417CBE1F41979100E17599 /* RCTAesCrypto.m in Sources */ = {isa = PBXBuildFile; fileRef = D8417CBD1F41979100E17599 /* RCTAesCrypto.m */; };
		D8417CBF1F41979100E17599 /* RCTAesCrypto.h in CopyFiles */ = {isa = PBXBuildFile; fileRef = D8417CBC1F41979100E17599 /* RCTAesCrypto.h */; };
		D8417DA91F42ED4200E17599 /* GTMBase64.m in Sources */ = {isa = PBXBuildFile; fileRef = D8417DA31F42ED4200E17599 /* GTMBase64.m */; };
		D8417DAA1F42ED4200E17599 /* NSData+AES.m in Sources */ = {isa = PBXBuildFile; fileRef = D8417DA61F42ED4200E17599 /* NSData+AES.m */; };
		D8417DAB1F42ED4200E17599 /* SecurityUtil.m in Sources */ = {isa = PBXBuildFile; fileRef = D8417DA81F42ED4200E17599 /* SecurityUtil.m */; };
/* End PBXBuildFile section */

/* Begin PBXCopyFilesBuildPhase section */
		D8417CB71F41979100E17599 /* CopyFiles */ = {
			isa = PBXCopyFilesBuildPhase;
			buildActionMask = 2147483647;
			dstPath = "include/$(PRODUCT_NAME)";
			dstSubfolderSpec = 16;
			files = (
				D8417CBF1F41979100E17599 /* RCTAesCrypto.h in CopyFiles */,
			);
			runOnlyForDeploymentPostprocessing = 0;
		};
/* End PBXCopyFilesBuildPhase section */

/* Begin PBXFileReference section */
		D8417CB91F41979100E17599 /* libRCTAesCrypto.a */ = {isa = PBXFileReference; explicitFileType = archive.ar; includeInIndex = 0; path = libRCTAesCrypto.a; sourceTree = BUILT_PRODUCTS_DIR; };
		D8417CBC1F41979100E17599 /* RCTAesCrypto.h */ = {isa = PBXFileReference; lastKnownFileType = sourcecode.c.h; path = RCTAesCrypto.h; sourceTree = "<group>"; };
		D8417CBD1F41979100E17599 /* RCTAesCrypto.m */ = {isa = PBXFileReference; lastKnownFileType = sourcecode.c.objc; path = RCTAesCrypto.m; sourceTree = "<group>"; };
		D8417DA21F42ED4200E17599 /* GTMBase64.h */ = {isa = PBXFileReference; fileEncoding = 4; lastKnownFileType = sourcecode.c.h; path = GTMBase64.h; sourceTree = "<group>"; };
		D8417DA31F42ED4200E17599 /* GTMBase64.m */ = {isa = PBXFileReference; fileEncoding = 4; lastKnownFileType = sourcecode.c.objc; path = GTMBase64.m; sourceTree = "<group>"; };
		D8417DA41F42ED4200E17599 /* GTMDefines.h */ = {isa = PBXFileReference; fileEncoding = 4; lastKnownFileType = sourcecode.c.h; path = GTMDefines.h; sourceTree = "<group>"; };
		D8417DA51F42ED4200E17599 /* NSData+AES.h */ = {isa = PBXFileReference; fileEncoding = 4; lastKnownFileType = sourcecode.c.h; path = "NSData+AES.h"; sourceTree = "<group>"; };
		D8417DA61F42ED4200E17599 /* NSData+AES.m */ = {isa = PBXFileReference; fileEncoding = 4; lastKnownFileType = sourcecode.c.objc; path = "NSData+AES.m"; sourceTree = "<group>"; };
		D8417DA71F42ED4200E17599 /* SecurityUtil.h */ = {isa = PBXFileReference; fileEncoding = 4; lastKnownFileType = sourcecode.c.h; path = SecurityUtil.h; sourceTree = "<group>"; };
		D8417DA81F42ED4200E17599 /* SecurityUtil.m */ = {isa = PBXFileReference; fileEncoding = 4; lastKnownFileType = sourcecode.c.objc; path = SecurityUtil.m; sourceTree = "<group>"; };
/* End PBXFileReference section */

/* Begin PBXFrameworksBuildPhase section */
		D8417CB61F41979100E17599 /* Frameworks */ = {
			isa = PBXFrameworksBuildPhase;
			buildActionMask = 2147483647;
			files = (
			);
			runOnlyForDeploymentPostprocessing = 0;
		};
/* End PBXFrameworksBuildPhase section */

/* Begin PBXGroup section */
		D8417CB01F41979100E17599 = {
			isa = PBXGroup;
			children = (
				D8417CBB1F41979100E17599 /* RCTAesCrypto */,
				D8417CBA1F41979100E17599 /* Products */,
			);
			sourceTree = "<group>";
		};
		D8417CBA1F41979100E17599 /* Products */ = {
			isa = PBXGroup;
			children = (
				D8417CB91F41979100E17599 /* libRCTAesCrypto.a */,
			);
			name = Products;
			sourceTree = "<group>";
		};
		D8417CBB1F41979100E17599 /* RCTAesCrypto */ = {
			isa = PBXGroup;
			children = (
				D8417DA11F42ED4200E17599 /* AesKit */,
				D8417CBC1F41979100E17599 /* RCTAesCrypto.h */,
				D8417CBD1F41979100E17599 /* RCTAesCrypto.m */,
			);
			path = RCTAesCrypto;
			sourceTree = "<group>";
		};
		D8417DA11F42ED4200E17599 /* AesKit */ = {
			isa = PBXGroup;
			children = (
				D8417DA21F42ED4200E17599 /* GTMBase64.h */,
				D8417DA31F42ED4200E17599 /* GTMBase64.m */,
				D8417DA41F42ED4200E17599 /* GTMDefines.h */,
				D8417DA51F42ED4200E17599 /* NSData+AES.h */,
				D8417DA61F42ED4200E17599 /* NSData+AES.m */,
				D8417DA71F42ED4200E17599 /* SecurityUtil.h */,
				D8417DA81F42ED4200E17599 /* SecurityUtil.m */,
			);
			path = AesKit;
			sourceTree = "<group>";
		};
/* End PBXGroup section */

/* Begin PBXNativeTarget section */
		D8417CB81F41979100E17599 /* RCTAesCrypto */ = {
			isa = PBXNativeTarget;
			buildConfigurationList = D8417CC21F41979100E17599 /* Build configuration list for PBXNativeTarget "RCTAesCrypto" */;
			buildPhases = (
				D8417CB51F41979100E17599 /* Sources */,
				D8417CB61F41979100E17599 /* Frameworks */,
				D8417CB71F41979100E17599 /* CopyFiles */,
			);
			buildRules = (
			);
			dependencies = (
			);
			name = RCTAesCrypto;
			productName = RCTAesCrypto;
			productReference = D8417CB91F41979100E17599 /* libRCTAesCrypto.a */;
			productType = "com.apple.product-type.library.static";
		};
/* End PBXNativeTarget section */

/* Begin PBXProject section */
		D8417CB11F41979100E17599 /* Project object */ = {
			isa = PBXProject;
			attributes = {
				LastUpgradeCheck = 0830;
				ORGANIZATIONNAME = RocWang;
				TargetAttributes = {
					D8417CB81F41979100E17599 = {
						CreatedOnToolsVersion = 8.3.3;
						DevelopmentTeam = E6JY6B4EKP;
						ProvisioningStyle = Automatic;
					};
				};
			};
			buildConfigurationList = D8417CB41F41979100E17599 /* Build configuration list for PBXProject "RCTAesCrypto" */;
			compatibilityVersion = "Xcode 3.2";
			developmentRegion = English;
			hasScannedForEncodings = 0;
			knownRegions = (
				en,
			);
			mainGroup = D8417CB01F41979100E17599;
			productRefGroup = D8417CBA1F41979100E17599 /* Products */;
			projectDirPath = "";
			projectRoot = "";
			targets = (
				D8417CB81F41979100E17599 /* RCTAesCrypto */,
			);
		};
/* End PBXProject section */

/* Begin PBXSourcesBuildPhase section */
		D8417CB51F41979100E17599 /* Sources */ = {
			isa = PBXSourcesBuildPhase;
			buildActionMask = 2147483647;
			files = (
				D8417CBE1F41979100E17599 /* RCTAesCrypto.m in Sources */,
				D8417DA91F42ED4200E17599 /* GTMBase64.m in Sources */,
				D8417DAA1F42ED4200E17599 /* NSData+AES.m in Sources */,
				D8417DAB1F42ED4200E17599 /* SecurityUtil.m in Sources */,
			);
			runOnlyForDeploymentPostprocessing = 0;
		};
/* End PBXSourcesBuildPhase section */

/* Begin XCBuildConfiguration section */
		D8417CC01F41979100E17599 /* Debug */ = {
			isa = XCBuildConfiguration;
			buildSettings = {
				ALWAYS_SEARCH_USER_PATHS = NO;
				CLANG_ANALYZER_NONNULL = YES;
				CLANG_ANALYZER_NUMBER_OBJECT_CONVERSION = YES_AGGRESSIVE;
				CLANG_CXX_LANGUAGE_STANDARD = "gnu++0x";
				CLANG_CXX_LIBRARY = "libc++";
				CLANG_ENABLE_MODULES = YES;
				CLANG_ENABLE_OBJC_ARC = YES;
				CLANG_WARN_BOOL_CONVERSION = YES;
				CLANG_WARN_CONSTANT_CONVERSION = YES;
				CLANG_WARN_DIRECT_OBJC_ISA_USAGE = YES_ERROR;
				CLANG_WARN_DOCUMENTATION_COMMENTS = YES;
				CLANG_WARN_EMPTY_BODY = YES;
				CLANG_WARN_ENUM_CONVERSION = YES;
				CLANG_WARN_INFINITE_RECURSION = YES;
				CLANG_WARN_INT_CONVERSION = YES;
				CLANG_WARN_OBJC_ROOT_CLASS = YES_ERROR;
				CLANG_WARN_SUSPICIOUS_MOVE = YES;
				CLANG_WARN_UNREACHABLE_CODE = YES;
				CLANG_WARN__DUPLICATE_METHOD_MATCH = YES;
				"CODE_SIGN_IDENTITY[sdk=iphoneos*]" = "iPhone Developer";
				COPY_PHASE_STRIP = NO;
				DEBUG_INFORMATION_FORMAT = dwarf;
				ENABLE_STRICT_OBJC_MSGSEND = YES;
				ENABLE_TESTABILITY = YES;
				GCC_C_LANGUAGE_STANDARD = gnu99;
				GCC_DYNAMIC_NO_PIC = NO;
				GCC_NO_COMMON_BLOCKS = YES;
				GCC_OPTIMIZATION_LEVEL = 0;
				GCC_PREPROCESSOR_DEFINITIONS = (
					"DEBUG=1",
					"$(inherited)",
				);
				GCC_WARN_64_TO_32_BIT_CONVERSION = YES;
				GCC_WARN_ABOUT_RETURN_TYPE = YES_ERROR;
				GCC_WARN_UNDECLARED_SELECTOR = YES;
				GCC_WARN_UNINITIALIZED_AUTOS = YES_AGGRESSIVE;
				GCC_WARN_UNUSED_FUNCTION = YES;
				GCC_WARN_UNUSED_VARIABLE = YES;
				IPHONEOS_DEPLOYMENT_TARGET = 10.3;
				MTL_ENABLE_DEBUG_INFO = YES;
				ONLY_ACTIVE_ARCH = YES;
				SDKROOT = iphoneos;
			};
			name = Debug;
		};
		D8417CC11F41979100E17599 /* Release */ = {
			isa = XCBuildConfiguration;
			buildSettings = {
				ALWAYS_SEARCH_USER_PATHS = NO;
				CLANG_ANALYZER_NONNULL = YES;
				CLANG_ANALYZER_NUMBER_OBJECT_CONVERSION = YES_AGGRESSIVE;
				CLANG_CXX_LANGUAGE_STANDARD = "gnu++0x";
				CLANG_CXX_LIBRARY = "libc++";
				CLANG_ENABLE_MODULES = YES;
				CLANG_ENABLE_OBJC_ARC = YES;
				CLANG_WARN_BOOL_CONVERSION = YES;
				CLANG_WARN_CONSTANT_CONVERSION = YES;
				CLANG_WARN_DIRECT_OBJC_ISA_USAGE = YES_ERROR;
				CLANG_WARN_DOCUMENTATION_COMMENTS = YES;
				CLANG_WARN_EMPTY_BODY = YES;
				CLANG_WARN_ENUM_CONVERSION = YES;
				CLANG_WARN_INFINITE_RECURSION = YES;
				CLANG_WARN_INT_CONVERSION = YES;
				CLANG_WARN_OBJC_ROOT_CLASS = YES_ERROR;
				CLANG_WARN_SUSPICIOUS_MOVE = YES;
				CLANG_WARN_UNREACHABLE_CODE = YES;
				CLANG_WARN__DUPLICATE_METHOD_MATCH = YES;
				"CODE_SIGN_IDENTITY[sdk=iphoneos*]" = "iPhone Developer";
				COPY_PHASE_STRIP = NO;
				DEBUG_INFORMATION_FORMAT = "dwarf-with-dsym";
				ENABLE_NS_ASSERTIONS = NO;
				ENABLE_STRICT_OBJC_MSGSEND = YES;
				GCC_C_LANGUAGE_STANDARD = gnu99;
				GCC_NO_COMMON_BLOCKS = YES;
				GCC_WARN_64_TO_32_BIT_CONVERSION = YES;
				GCC_WARN_ABOUT_RETURN_TYPE = YES_ERROR;
				GCC_WARN_UNDECLARED_SELECTOR = YES;
				GCC_WARN_UNINITIALIZED_AUTOS = YES_AGGRESSIVE;
				GCC_WARN_UNUSED_FUNCTION = YES;
				GCC_WARN_UNUSED_VARIABLE = YES;
				IPHONEOS_DEPLOYMENT_TARGET = 10.3;
				MTL_ENABLE_DEBUG_INFO = NO;
				SDKROOT = iphoneos;
				VALIDATE_PRODUCT = YES;
			};
			name = Release;
		};
		D8417CC31F41979100E17599 /* Debug */ = {
			isa = XCBuildConfiguration;
			buildSettings = {
				DEVELOPMENT_TEAM = E6JY6B4EKP;
				HEADER_SEARCH_PATHS = (
					"$(inherited)",
					"$(SRCROOT)/../node_modules/react-native/react/**",
				);
				OTHER_LDFLAGS = "-ObjC";
				PRODUCT_NAME = "$(TARGET_NAME)";
				SKIP_INSTALL = YES;
			};
			name = Debug;
		};
		D8417CC41F41979100E17599 /* Release */ = {
			isa = XCBuildConfiguration;
			buildSettings = {
				DEVELOPMENT_TEAM = E6JY6B4EKP;
				HEADER_SEARCH_PATHS = (
					"$(inherited)",
					"$(SRCROOT)/../node_modules/react-native/react/**",
				);
				OTHER_LDFLAGS = "-ObjC";
				PRODUCT_NAME = "$(TARGET_NAME)";
				SKIP_INSTALL = YES;
			};
			name = Release;
		};
/* End XCBuildConfiguration section */

/* Begin XCConfigurationList section */
		D8417CB41F41979100E17599 /* Build configuration list for PBXProject "RCTAesCrypto" */ = {
			isa = XCConfigurationList;
			buildConfigurations = (
				D8417CC01F41979100E17599 /* Debug */,
				D8417CC11F41979100E17599 /* Release */,
			);
			defaultConfigurationIsVisible = 0;
			defaultConfigurationName = Release;
		};
		D8417CC21F41979100E17599 /* Build configuration list for PBXNativeTarget "RCTAesCrypto" */ = {
			isa = XCConfigurationList;
			buildConfigurations = (
				D8417CC31F41979100E17599 /* Debug */,
				D8417CC41F41979100E17599 /* Release */,
			);
			defaultConfigurationIsVisible = 0;
			defaultConfigurationName = Release;
		};
/* End XCConfigurationList section */
	};
	rootObject = D8417CB11F41979100E17599 /* Project object */;
}
